Microsoft Visual Studio Solution File, Format Version 12.00
# Visual Studio 2012
Project("{FAE04EC0-301F-11D3-BF4B-00C04F79EFBC}") = "T146465", "T146465\T146465.csproj", "{3A827DF5-5903-4956-B8B9-373E416DFC00}"
EndProject
Global
	GlobalSection(SolutionConfigurationPlatforms) = preSolution
		Debug|Any CPU = Debug|Any CPU
		Release|Any CPU = Release|Any CPU
	EndGlobalSection
	GlobalSection(ProjectConfigurationPlatforms) = postSolution
		{3A827DF5-5903-4956-B8B9-373E416DFC00}.Debug|Any CPU.ActiveCfg = Debug|Any CPU
		{3A827DF5-5903-4956-B8B9-373E416DFC00}.Debug|Any CPU.Build.0 = Debug|Any CPU
		{3A827DF5-5903-4956-B8B9-373E416DFC00}.Release|Any CPU.ActiveCfg = Release|Any CPU
		{3A827DF5-5903-4956-B8B9-373E416DFC00}.Release|Any CPU.Build.0 = Release|Any CPU
	EndGlobalSection
	GlobalSection(SolutionProperties) = preSolution
		HideSolutionNode = FALSE
	EndGlobalSection
EndGlobal
